
Microsoft Visual Studio Solution File, Format Version 12.00
# Visual Studio Version 16
VisualStudioVersion = 16.0.30011.22
MinimumVisualStudioVersion = 10.0.40219.1
Project("{FAE04EC0-301F-11D3-BF4B-00C04F79EFBC}") = "IT_GAMK_Lab5", "IT_GAMK_Lab5.csproj", "{653B6DF1-DD85-43F7-B63C-CC5EBFD7D4C7}"
EndProject
Global
	GlobalSection(SolutionConfigurationPlatforms) = preSolution
		Debug|Any CPU = Debug|Any CPU
		Release|Any CPU = Release|Any CPU
	EndGlobalSection
	GlobalSection(ProjectConfigurationPlatforms) = postSolution
		{653B6DF1-DD85-43F7-B63C-CC5EBFD7D4C7}.Debug|Any CPU.ActiveCfg = Debug|Any CPU
		{653B6DF1-DD85-43F7-B63C-CC5EBFD7D4C7}.Debug|Any CPU.Build.0 = Debug|Any CPU
		{653B6DF1-DD85-43F7-B63C-CC5EBFD7D4C7}.Release|Any CPU.ActiveCfg = Release|Any CPU
		{653B6DF1-DD85-43F7-B63C-CC5EBFD7D4C7}.Release|Any CPU.Build.0 = Release|Any CPU
	EndGlobalSection
	GlobalSection(SolutionProperties) = preSolution
		HideSolutionNode = FALSE
	EndGlobalSection
	GlobalSection(ExtensibilityGlobals) = postSolution
		SolutionGuid = {214A423A-FAAE-4A9E-ADDA-FBAC1F0963BA}
	EndGlobalSection
EndGlobal
